
Microsoft Visual Studio Solution File, Format Version 12.00
# Visual Studio Version 16
VisualStudioVersion = 16.0.31702.278
MinimumVisualStudioVersion = 10.0.40219.1
Project("{FAE04EC0-301F-11D3-BF4B-00C04F79EFBC}") = "WindowsFormsApp1", "WindowsFormsApp1.csproj", "{7A0D50FC-4B7E-4F7D-AFE4-2E90CF059048}"
EndProject
Global
	GlobalSection(SolutionConfigurationPlatforms) = preSolution
		Debug|Any CPU = Debug|Any CPU
		Release|Any CPU = Release|Any CPU
	EndGlobalSection
	GlobalSection(ProjectConfigurationPlatforms) = postSolution
		{7A0D50FC-4B7E-4F7D-AFE4-2E90CF059048}.Debug|Any CPU.ActiveCfg = Debug|Any CPU
		{7A0D50FC-4B7E-4F7D-AFE4-2E90CF059048}.Debug|Any CPU.Build.0 = Debug|Any CPU
		{7A0D50FC-4B7E-4F7D-AFE4-2E90CF059048}.Release|Any CPU.ActiveCfg = Release|Any CPU
		{7A0D50FC-4B7E-4F7D-AFE4-2E90CF059048}.Release|Any CPU.Build.0 = Release|Any CPU
	EndGlobalSection
	GlobalSection(SolutionProperties) = preSolution
		HideSolutionNode = FALSE
	EndGlobalSection
	GlobalSection(ExtensibilityGlobals) = postSolution
		SolutionGuid = {A2691C96-E4E6-450E-B975-F2497319BEA3}
	EndGlobalSection
EndGlobal
